
Microsoft Visual Studio Solution File, Format Version 12.00
# Visual Studio 14
VisualStudioVersion = 14.0.25420.1
MinimumVisualStudioVersion = 10.0.40219.1
Project("{FAE04EC0-301F-11D3-BF4B-00C04F79EFBC}") = "QLResort", "QLResort\QLResort.csproj", "{1705DE18-75D5-4631-AC8C-A8C2F6486BE1}"
EndProject
Project("{FAE04EC0-301F-11D3-BF4B-00C04F79EFBC}") = "ResortBLL", "ResortBLL\ResortBLL.csproj", "{3ABEE569-8937-46FC-BA0D-F76266E4AA9B}"
EndProject
Project("{FAE04EC0-301F-11D3-BF4B-00C04F79EFBC}") = "ResortDAL", "ResortDAL\ResortDAL.csproj", "{7EF08198-ABBA-4E7E-888F-35EFA31BB4F7}"
EndProject
Project("{FAE04EC0-301F-11D3-BF4B-00C04F79EFBC}") = "ResortDTO", "ResortDTO\ResortDTO.csproj", "{2F06DE16-31B0-4E03-B6DB-F81BE92672A2}"
EndProject
Global
	GlobalSection(SolutionConfigurationPlatforms) = preSolution
		Debug|Any CPU = Debug|Any CPU
		Release|Any CPU = Release|Any CPU
	EndGlobalSection
	GlobalSection(ProjectConfigurationPlatforms) = postSolution
		{1705DE18-75D5-4631-AC8C-A8C2F6486BE1}.Debug|Any CPU.ActiveCfg = Debug|Any CPU
		{1705DE18-75D5-4631-AC8C-A8C2F6486BE1}.Debug|Any CPU.Build.0 = Debug|Any CPU
		{1705DE18-75D5-4631-AC8C-A8C2F6486BE1}.Release|Any CPU.ActiveCfg = Release|Any CPU
		{1705DE18-75D5-4631-AC8C-A8C2F6486BE1}.Release|Any CPU.Build.0 = Release|Any CPU
		{3ABEE569-8937-46FC-BA0D-F76266E4AA9B}.Debug|Any CPU.ActiveCfg = Debug|Any CPU
		{3ABEE569-8937-46FC-BA0D-F76266E4AA9B}.Debug|Any CPU.Build.0 = Debug|Any CPU
		{3ABEE569-8937-46FC-BA0D-F76266E4AA9B}.Release|Any CPU.ActiveCfg = Release|Any CPU
		{3ABEE569-8937-46FC-BA0D-F76266E4AA9B}.Release|Any CPU.Build.0 = Release|Any CPU
		{7EF08198-ABBA-4E7E-888F-35EFA31BB4F7}.Debug|Any CPU.ActiveCfg = Debug|Any CPU
		{7EF08198-ABBA-4E7E-888F-35EFA31BB4F7}.Debug|Any CPU.Build.0 = Debug|Any CPU
		{7EF08198-ABBA-4E7E-888F-35EFA31BB4F7}.Release|Any CPU.ActiveCfg = Release|Any CPU
		{7EF08198-ABBA-4E7E-888F-35EFA31BB4F7}.Release|Any CPU.Build.0 = Release|Any CPU
		{2F06DE16-31B0-4E03-B6DB-F81BE92672A2}.Debug|Any CPU.ActiveCfg = Debug|Any CPU
		{2F06DE16-31B0-4E03-B6DB-F81BE92672A2}.Debug|Any CPU.Build.0 = Debug|Any CPU
		{2F06DE16-31B0-4E03-B6DB-F81BE92672A2}.Release|Any CPU.ActiveCfg = Release|Any CPU
		{2F06DE16-31B0-4E03-B6DB-F81BE92672A2}.Release|Any CPU.Build.0 = Release|Any CPU
	EndGlobalSection
	GlobalSection(SolutionProperties) = preSolution
		HideSolutionNode = FALSE
	EndGlobalSection
EndGlobal
